
Microsoft Visual Studio Solution File, Format Version 12.00
# Visual Studio Version 17
VisualStudioVersion = 17.5.33530.505
MinimumVisualStudioVersion = 10.0.40219.1
Project("{FAE04EC0-301F-11D3-BF4B-00C04F79EFBC}") = "AccountingApp", "AccountingApp\AccountingApp.csproj", "{CA2BFF12-2A9A-4747-96B9-3174A172A3F8}"
EndProject
Global
	GlobalSection(SolutionConfigurationPlatforms) = preSolution
		Debug|Any CPU = Debug|Any CPU
		Release|Any CPU = Release|Any CPU
	EndGlobalSection
	GlobalSection(ProjectConfigurationPlatforms) = postSolution
		{CA2BFF12-2A9A-4747-96B9-3174A172A3F8}.Debug|Any CPU.ActiveCfg = Debug|Any CPU
		{CA2BFF12-2A9A-4747-96B9-3174A172A3F8}.Debug|Any CPU.Build.0 = Debug|Any CPU
		{CA2BFF12-2A9A-4747-96B9-3174A172A3F8}.Release|Any CPU.ActiveCfg = Release|Any CPU
		{CA2BFF12-2A9A-4747-96B9-3174A172A3F8}.Release|Any CPU.Build.0 = Release|Any CPU
	EndGlobalSection
	GlobalSection(SolutionProperties) = preSolution
		HideSolutionNode = FALSE
	EndGlobalSection
	GlobalSection(ExtensibilityGlobals) = postSolution
		SolutionGuid = {5A3D0609-E636-4BD6-B818-C6502E2CA842}
	EndGlobalSection
EndGlobal
